PODS:
  - Alamofire (4.8.2)
  - Crashlytics (3.11.1):
    - Fabric (~> 1.8.1)
  - Fabric (1.8.2)
  - FontBlaster (4.0.1)
  - FSCalendar (2.8.0)
  - Gloss (2.1.1)
  - GoogleWebRTC (1.1.20621)
  - InputMask (4.0.2)
  - IQKeyboardManagerSwift (6.2.1)
  - MBProgressHUD (1.1.0)
  - Mixpanel-swift (2.5.9):
    - Mixpanel-swift/Complete (= 2.5.9)
  - Mixpanel-swift/Complete (2.5.9)
  - ObjcExceptionBridging (1.0.1):
    - ObjcExceptionBridging/ObjcExceptionBridging (= 1.0.1)
  - ObjcExceptionBridging/ObjcExceptionBridging (1.0.1)
  - RxAlamofire (4.3.0):
    - RxAlamofire/Core (= 4.3.0)
  - RxAlamofire/Core (4.3.0):
    - Alamofire (~> 4.5)
    - RxSwift (~> 4)
  - RxCocoa (4.3.1):
    - RxSwift (~> 4.0)
  - RxSwift (4.5.0)
  - SnapKit (4.2.0)
  - SwiftDate (5.0.13)
  - "UITextView+Placeholder (1.2.1)"
  - Validator (3.1.1)
  - XCGLogger (6.1.0):
    - XCGLogger/Core (= 6.1.0)
  - XCGLogger/Core (6.1.0):
    - ObjcExceptionBridging
  - YandexMobileMetrica (3.3.0):
    - YandexMobileMetrica/Static (= 3.3.0)
  - YandexMobileMetrica/Static (3.3.0)
  - YandexMobileMetricaPush (0.7.0):
    - YandexMobileMetricaPush/Static (= 0.7.0)
  - YandexMobileMetricaPush/Static (0.7.0):
    - YandexMobileMetrica (~> 3.0)

DEPENDENCIES:
  - Alamofire (~> 4.4)
  - Crashlytics (~> 3.11.1)
  - FontBlaster (= 4.0.1)
  - FSCalendar (~> 2.8.0)
  - Gloss (~> 2.0)
  - GoogleWebRTC (= 1.1.20621)
  - InputMask (~> 4.0.1)
  - IQKeyboardManagerSwift
  - MBProgressHUD (~> 1.1.0)
  - Mixpanel-swift (~> 2.5.6)
  - RxAlamofire (~> 4.3.0)
  - RxCocoa (~> 4.3.0)
  - SnapKit (~> 4.2.0)
  - SwiftDate (~> 5.0.13)
  - "UITextView+Placeholder (~> 1.2.1)"
  - Validator (~> 3.1.1)
  - XCGLogger (~> 6.1.0)
  - YandexMobileMetrica (~> 3.3.0)
  - YandexMobileMetricaPush (~> 0.7.0)

SPEC REPOS:
  https://github.com/cocoapods/specs.git:
    - Alamofire
    - Crashlytics
    - Fabric
    - FontBlaster
    - FSCalendar
    - Gloss
    - GoogleWebRTC
    - InputMask
    - IQKeyboardManagerSwift
    - MBProgressHUD
    - Mixpanel-swift
    - ObjcExceptionBridging
    - RxAlamofire
    - RxCocoa
    - RxSwift
    - SnapKit
    - SwiftDate
    - "UITextView+Placeholder"
    - Validator
    - XCGLogger
    - YandexMobileMetrica
    - YandexMobileMetricaPush

SPEC CHECKSUMS:
  Alamofire: ae5c501addb7afdbb13687d7f2f722c78734c2d3
  Crashlytics: ca7ab4bc304aa216bdc2e4c1a96389ee77252203
  Fabric: d2b22f443ba195d8a7cc204da230977c72733b40
  FontBlaster: 84229df8e3a7a6dacb190565bc543747a0c323f9
  FSCalendar: 3a5ed3636e2ba1b83ebebfcf0c2603105a6f5efe
  Gloss: 9df15229b2f6484c14752a738474fd2528b4c5cd
  GoogleWebRTC: bdc7453b450d0970aee538b1297f670d7234a0b1
  InputMask: b9df7a44c044f59485b2d596661e6bd4334bddb4
  IQKeyboardManagerSwift: 0f0ae8935360b4003e6ea1ac7c19898f01e2f7c7
  MBProgressHUD: e7baa36a220447d8aeb12769bf0585582f3866d9
  Mixpanel-swift: 4a2e061c8b7a5000ed7f72d2a6196884b5de8b49
  ObjcExceptionBridging: c30e00eb3700467e695faeea30e26e18bd445001
  RxAlamofire: 09624d0f2d48ed8b686e4eb4cf68e28cbd2df556
  RxCocoa: 78763c7b07d02455598d9fc3c1ad091a28b73635
  RxSwift: f172070dfd1a93d70a9ab97a5a01166206e1c575
  SnapKit: fe8a619752f3f27075cc9a90244d75c6c3f27e2a
  SwiftDate: f4aea5fa9dee812485f34041121a4cbde01b0dee
  "UITextView+Placeholder": 0c3efd97f37ea64bde7f34cc6e90fe02e87b3909
  Validator: b34ab17a8fffd0c1ffd8f9002ead4d1e02cd9e6e
  XCGLogger: 7f7f43f15dfe3a305fa1342b7dc29af656289abd
  YandexMobileMetrica: 415e4e8a7a23121a3d086958a655f444dd340edb
  YandexMobileMetricaPush: 43d7c6bbaeee637418a8d3c287af93df1fb512d5

PODFILE CHECKSUM: 38f6d7c4f2d4cd34092ea63f970d551433e1a697

COCOAPODS: 1.6.1
