PODS:
  - AKMaskField (2.0.3)
  - Alamofire (4.7.2)
  - AppsFlyerFramework (4.8.6)
  - Charts (3.2.1):
    - Charts/Core (= 3.2.1)
  - Charts/Core (3.2.1)
  - Crashlytics (3.10.2):
    - Fabric (~> 1.7.7)
  - Fabric (1.7.7)
  - FontBlaster (4.1.0)
  - FSCalendar (2.7.9)
  - Gloss (2.0.1)
  - GoogleWebRTC (1.1.20621)
  - HTTPLogger (0.2.0)
  - InputMask (4.0.1)
  - IQKeyboardManagerSwift (6.2.0)
  - MBProgressHUD (1.1.0)
  - ObjcExceptionBridging (1.0.1):
    - ObjcExceptionBridging/ObjcExceptionBridging (= 1.0.1)
  - ObjcExceptionBridging/ObjcExceptionBridging (1.0.1)
  - RxAlamofire (4.2.0):
    - RxAlamofire/Core (= 4.2.0)
  - RxAlamofire/Core (4.2.0):
    - Alamofire (~> 4.5)
    - RxSwift (~> 4)
  - RxCocoa (4.3.1):
    - RxSwift (~> 4.0)
  - RxSwift (4.2.0)
  - SnapKit (4.2.0)
  - SwiftDate (4.5.1)
  - "UITextView+Placeholder (1.2.1)"
  - Validator (3.1.1)
  - XCGLogger (6.1.0):
    - XCGLogger/Core (= 6.1.0)
  - XCGLogger/Core (6.1.0):
    - ObjcExceptionBridging
  - YandexMobileMetrica (3.1.1):
    - YandexMobileMetrica/Static (= 3.1.1)
  - YandexMobileMetrica/Static (3.1.1)
  - YandexMobileMetricaPush (0.6.0):
    - YandexMobileMetricaPush/Static (= 0.6.0)
  - YandexMobileMetricaPush/Static (0.6.0):
    - YandexMobileMetrica (~> 3.0)

DEPENDENCIES:
  - AKMaskField
  - Alamofire (~> 4.4)
  - AppsFlyerFramework (~> 4.8.5)
  - Charts (= 3.2.1)
  - Crashlytics
  - FontBlaster (= 4.1.0)
  - FSCalendar
  - Gloss (~> 2.0)
  - GoogleWebRTC (= 1.1.20621)
  - HTTPLogger
  - InputMask
  - IQKeyboardManagerSwift
  - MBProgressHUD (~> 1.1.0)
  - RxAlamofire
  - RxCocoa (~> 4.3.0)
  - SnapKit (~> 4.2.0)
  - SwiftDate (~> 4.5.1)
  - "UITextView+Placeholder"
  - Validator (~> 3.1.1)
  - XCGLogger (~> 6.1.0)
  - YandexMobileMetricaPush (~> 0.6.0)

SPEC REPOS:
  https://github.com/cocoapods/specs.git:
    - AKMaskField
    - Alamofire
    - AppsFlyerFramework
    - Charts
    - Crashlytics
    - Fabric
    - FontBlaster
    - FSCalendar
    - Gloss
    - GoogleWebRTC
    - HTTPLogger
    - InputMask
    - IQKeyboardManagerSwift
    - MBProgressHUD
    - ObjcExceptionBridging
    - RxAlamofire
    - RxCocoa
    - RxSwift
    - SnapKit
    - SwiftDate
    - "UITextView+Placeholder"
    - Validator
    - XCGLogger
    - YandexMobileMetrica
    - YandexMobileMetricaPush

SPEC CHECKSUMS:
  AKMaskField: b6d147524813e62cd3f15475fa2200ce7a3d2620
  Alamofire: e4fa87002c137ba2d8d634d2c51fabcda0d5c223
  AppsFlyerFramework: cd4fab954ab8034288575b5ac45c4532b2f36689
  Charts: f122fb70b19847fa5817d018b77d6c5a2296ab25
  Crashlytics: 0360624eea1c978a743feddb2fb1ef8b37fb7a0d
  Fabric: bda89e242bce1b7b8ab264248cf3407774ce0095
  FontBlaster: 127aa66419478d1c62926c7fdb39841633344a45
  FSCalendar: a04b09f16f811bc92e82f3cf852a15225233b9d5
  Gloss: 1e8743f8de1fbe14a97f220ff901cba91ae5f8f8
  GoogleWebRTC: bdc7453b450d0970aee538b1297f670d7234a0b1
  HTTPLogger: 399eb29cc2f9e7e9699adaff8bd70bdc9c315798
  InputMask: 2eb0dd868885f5ba061db2640db0b17265bb95eb
  IQKeyboardManagerSwift: b07ccf9d8cafe993dcd6cb794eb4ba34611a0c4e
  MBProgressHUD: e7baa36a220447d8aeb12769bf0585582f3866d9
  ObjcExceptionBridging: c30e00eb3700467e695faeea30e26e18bd445001
  RxAlamofire: 87a9c588541210cc3e4a1f843ccc3ecf3eb98b31
  RxCocoa: 78763c7b07d02455598d9fc3c1ad091a28b73635
  RxSwift: 99e10317ddfcc7fbe01356aafd118fde4a0be104
  SnapKit: fe8a619752f3f27075cc9a90244d75c6c3f27e2a
  SwiftDate: 7b56d42a221f582047287deb256b23fc5ed49a60
  "UITextView+Placeholder": 0c3efd97f37ea64bde7f34cc6e90fe02e87b3909
  Validator: b34ab17a8fffd0c1ffd8f9002ead4d1e02cd9e6e
  XCGLogger: 7f7f43f15dfe3a305fa1342b7dc29af656289abd
  YandexMobileMetrica: e849316e9e934b8525e65bc906090f0577de1340
  YandexMobileMetricaPush: 973073e69b63c9c3ec45ccb1fbfecd997538650a

PODFILE CHECKSUM: e5c312b19cfd00b47462745114354429c863a1b5

COCOAPODS: 1.5.3
